// !$*UTF8*$!
{
	archiveVersion = 1;
	classes = {
	};
	objectVersion = 46;
	objects = {

/* Begin PBXBuildFile section */
		3F32142A1DDC21DA00098896 /* main.m in Sources */ = {isa = PBXBuildFile; fileRef = 3F3214291DDC21DA00098896 /* main.m */; };
		3F32142D1DDC21DA00098896 /* AppDelegate.m in Sources */ = {isa = PBXBuildFile; fileRef = 3F32142C1DDC21DA00098896 /* AppDelegate.m */; };
		3F3214301DDC21DA00098896 /* ViewController.m in Sources */ = {isa = PBXBuildFile; fileRef = 3F32142F1DDC21DA00098896 /* ViewController.m */; };
		3F3214331DDC21DA00098896 /* Main.storyboard in Resources */ = {isa = PBXBuildFile; fileRef = 3F3214311DDC21DA00098896 /* Main.storyboard */; };
		3F3214351DDC21DA00098896 /* Images.xcassets in Resources */ = {isa = PBXBuildFile; fileRef = 3F3214341DDC21DA00098896 /* Images.xcassets */; };
		3F3214381DDC21DA00098896 /* LaunchScreen.xib in Resources */ = {isa = PBXBuildFile; fileRef = 3F3214361DDC21DA00098896 /* LaunchScreen.xib */; };
		3F3214441DDC21DA00098896 /* THREAD_Tests.m in Sources */ = {isa = PBXBuildFile; fileRef = 3F3214431DDC21DA00098896 /* THREAD_Tests.m */; };
/* End PBXBuildFile section */

/* Begin PBXContainerItemProxy section */
		3F32143E1DDC21DA00098896 /* PBXContainerItemProxy */ = {
			isa = PBXContainerItemProxy;
			containerPortal = 3F32141C1DDC21DA00098896 /* Project object */;
			proxyType = 1;
			remoteGlobalIDString = 3F3214231DDC21DA00098896;
			remoteInfo = "THREAD!";
		};
/* End PBXContainerItemProxy section */

/* Begin PBXFileReference section */
		3F3214241DDC21DA00098896 /* THREAD!.app */ = {isa = PBXFileReference; explicitFileType = wrapper.application; includeInIndex = 0; path = "THREAD!.app"; sourceTree = BUILT_PRODUCTS_DIR; };
		3F3214281DDC21DA00098896 /* Info.plist */ = {isa = PBXFileReference; lastKnownFileType = text.plist.xml; path = Info.plist; sourceTree = "<group>"; };
		3F3214291DDC21DA00098896 /* main.m */ = {isa = PBXFileReference; lastKnownFileType = sourcecode.c.objc; path = main.m; sourceTree = "<group>"; };
		3F32142B1DDC21DA00098896 /* AppDelegate.h */ = {isa = PBXFileReference; lastKnownFileType = sourcecode.c.h; path = AppDelegate.h; sourceTree = "<group>"; };
		3F32142C1DDC21DA00098896 /* AppDelegate.m */ = {isa = PBXFileReference; lastKnownFileType = sourcecode.c.objc; path = AppDelegate.m; sourceTree = "<group>"; };
		3F32142E1DDC21DA00098896 /* ViewController.h */ = {isa = PBXFileReference; lastKnownFileType = sourcecode.c.h; path = ViewController.h; sourceTree = "<group>"; };
		3F32142F1DDC21DA00098896 /* ViewController.m */ = {isa = PBXFileReference; lastKnownFileType = sourcecode.c.objc; path = ViewController.m; sourceTree = "<group>"; };
		3F3214321DDC21DA00098896 /* Base */ = {isa = PBXFileReference; lastKnownFileType = file.storyboard; name = Base; path = Base.lproj/Main.storyboard; sourceTree = "<group>"; };
		3F3214341DDC21DA00098896 /* Images.xcassets */ = {isa = PBXFileReference; lastKnownFileType = folder.assetcatalog; path = Images.xcassets; sourceTree = "<group>"; };
		3F3214371DDC21DA00098896 /* Base */ = {isa = PBXFileReference; lastKnownFileType = file.xib; name = Base; path = Base.lproj/LaunchScreen.xib; sourceTree = "<group>"; };
		3F32143D1DDC21DA00098896 /* THREAD!Tests.xctest */ = {isa = PBXFileReference; explicitFileType = wrapper.cfbundle; includeInIndex = 0; path = "THREAD!Tests.xctest"; sourceTree = BUILT_PRODUCTS_DIR; };
		3F3214421DDC21DA00098896 /* Info.plist */ = {isa = PBXFileReference; lastKnownFileType = text.plist.xml; path = Info.plist; sourceTree = "<group>"; };
		3F3214431DDC21DA00098896 /* THREAD_Tests.m */ = {isa = PBXFileReference; lastKnownFileType = sourcecode.c.objc; path = THREAD_Tests.m; sourceTree = "<group>"; };
/* End PBXFileReference section */

/* Begin PBXFrameworksBuildPhase section */
		3F3214211DDC21DA00098896 /* Frameworks */ = {
			isa = PBXFrameworksBuildPhase;
			buildActionMask = 2147483647;
			files = (
			);
			runOnlyForDeploymentPostprocessing = 0;
		};
		3F32143A1DDC21DA00098896 /* Frameworks */ = {
			isa = PBXFrameworksBuildPhase;
			buildActionMask = 2147483647;
			files = (
			);
			runOnlyForDeploymentPostprocessing = 0;
		};
/* End PBXFrameworksBuildPhase section */

/* Begin PBXGroup section */
		3F32141B1DDC21DA00098896 = {
			isa = PBXGroup;
			children = (
				3F3214261DDC21DA00098896 /* THREAD! */,
				3F3214401DDC21DA00098896 /* THREAD!Tests */,
				3F3214251DDC21DA00098896 /* Products */,
			);
			sourceTree = "<group>";
		};
		3F3214251DDC21DA00098896 /* Products */ = {
			isa = PBXGroup;
			children = (
				3F3214241DDC21DA00098896 /* THREAD!.app */,
				3F32143D1DDC21DA00098896 /* THREAD!Tests.xctest */,
			);
			name = Products;
			sourceTree = "<group>";
		};
		3F3214261DDC21DA00098896 /* THREAD! */ = {
			isa = PBXGroup;
			children = (
				3F32142B1DDC21DA00098896 /* AppDelegate.h */,
				3F32142C1DDC21DA00098896 /* AppDelegate.m */,
				3F32142E1DDC21DA00098896 /* ViewController.h */,
				3F32142F1DDC21DA00098896 /* ViewController.m */,
				3F3214311DDC21DA00098896 /* Main.storyboard */,
				3F3214341DDC21DA00098896 /* Images.xcassets */,
				3F3214361DDC21DA00098896 /* LaunchScreen.xib */,
				3F3214271DDC21DA00098896 /* Supporting Files */,
			);
			path = "THREAD!";
			sourceTree = "<group>";
		};
		3F3214271DDC21DA00098896 /* Supporting Files */ = {
			isa = PBXGroup;
			children = (
				3F3214281DDC21DA00098896 /* Info.plist */,
				3F3214291DDC21DA00098896 /* main.m */,
			);
			name = "Supporting Files";
			sourceTree = "<group>";
		};
		3F3214401DDC21DA00098896 /* THREAD!Tests */ = {
			isa = PBXGroup;
			children = (
				3F3214431DDC21DA00098896 /* THREAD_Tests.m */,
				3F3214411DDC21DA00098896 /* Supporting Files */,
			);
			path = "THREAD!Tests";
			sourceTree = "<group>";
		};
		3F3214411DDC21DA00098896 /* Supporting Files */ = {
			isa = PBXGroup;
			children = (
				3F3214421DDC21DA00098896 /* Info.plist */,
			);
			name = "Supporting Files";
			sourceTree = "<group>";
		};
/* End PBXGroup section */

/* Begin PBXNativeTarget section */
		3F3214231DDC21DA00098896 /* THREAD! */ = {
			isa = PBXNativeTarget;
			buildConfigurationList = 3F3214471DDC21DA00098896 /* Build configuration list for PBXNativeTarget "THREAD!" */;
			buildPhases = (
				3F3214201DDC21DA00098896 /* Sources */,
				3F3214211DDC21DA00098896 /* Frameworks */,
				3F3214221DDC21DA00098896 /* Resources */,
			);
			buildRules = (
			);
			dependencies = (
			);
			name = "THREAD!";
			productName = "THREAD!";
			productReference = 3F3214241DDC21DA00098896 /* THREAD!.app */;
			productType = "com.apple.product-type.application";
		};
		3F32143C1DDC21DA00098896 /* THREAD!Tests */ = {
			isa = PBXNativeTarget;
			buildConfigurationList = 3F32144A1DDC21DA00098896 /* Build configuration list for PBXNativeTarget "THREAD!Tests" */;
			buildPhases = (
				3F3214391DDC21DA00098896 /* Sources */,
				3F32143A1DDC21DA00098896 /* Frameworks */,
				3F32143B1DDC21DA00098896 /* Resources */,
			);
			buildRules = (
			);
			dependencies = (
				3F32143F1DDC21DA00098896 /* PBXTargetDependency */,
			);
			name = "THREAD!Tests";
			productName = "THREAD!Tests";
			productReference = 3F32143D1DDC21DA00098896 /* THREAD!Tests.xctest */;
			productType = "com.apple.product-type.bundle.unit-test";
		};
/* End PBXNativeTarget section */

/* Begin PBXProject section */
		3F32141C1DDC21DA00098896 /* Project object */ = {
			isa = PBXProject;
			attributes = {
				LastUpgradeCheck = 0640;
				ORGANIZATIONNAME = Abhijit.com;
				TargetAttributes = {
					3F3214231DDC21DA00098896 = {
						CreatedOnToolsVersion = 6.4;
					};
					3F32143C1DDC21DA00098896 = {
						CreatedOnToolsVersion = 6.4;
						TestTargetID = 3F3214231DDC21DA00098896;
					};
				};
			};
			buildConfigurationList = 3F32141F1DDC21DA00098896 /* Build configuration list for PBXProject "THREAD!" */;
			compatibilityVersion = "Xcode 3.2";
			developmentRegion = English;
			hasScannedForEncodings = 0;
			knownRegions = (
				en,
				Base,
			);
			mainGroup = 3F32141B1DDC21DA00098896;
			productRefGroup = 3F3214251DDC21DA00098896 /* Products */;
			projectDirPath = "";
			projectRoot = "";
			targets = (
				3F3214231DDC21DA00098896 /* THREAD! */,
				3F32143C1DDC21DA00098896 /* THREAD!Tests */,
			);
		};
/* End PBXProject section */

/* Begin PBXResourcesBuildPhase section */
		3F3214221DDC21DA00098896 /* Resources */ = {
			isa = PBXResourcesBuildPhase;
			buildActionMask = 2147483647;
			files = (
				3F3214331DDC21DA00098896 /* Main.storyboard in Resources */,
				3F3214381DDC21DA00098896 /* LaunchScreen.xib in Resources */,
				3F3214351DDC21DA00098896 /* Images.xcassets in Resources */,
			);
			runOnlyForDeploymentPostprocessing = 0;
		};
		3F32143B1DDC21DA00098896 /* Resources */ = {
			isa = PBXResourcesBuildPhase;
			buildActionMask = 2147483647;
			files = (
			);
			runOnlyForDeploymentPostprocessing = 0;
		};
/* End PBXResourcesBuildPhase section */

/* Begin PBXSourcesBuildPhase section */
		3F3214201DDC21DA00098896 /* Sources */ = {
			isa = PBXSourcesBuildPhase;
			buildActionMask = 2147483647;
			files = (
				3F3214301DDC21DA00098896 /* ViewController.m in Sources */,
				3F32142D1DDC21DA00098896 /* AppDelegate.m in Sources */,
				3F32142A1DDC21DA00098896 /* main.m in Sources */,
			);
			runOnlyForDeploymentPostprocessing = 0;
		};
		3F3214391DDC21DA00098896 /* Sources */ = {
			isa = PBXSourcesBuildPhase;
			buildActionMask = 2147483647;
			files = (
				3F3214441DDC21DA00098896 /* THREAD_Tests.m in Sources */,
			);
			runOnlyForDeploymentPostprocessing = 0;
		};
/* End PBXSourcesBuildPhase section */

/* Begin PBXTargetDependency section */
		3F32143F1DDC21DA00098896 /* PBXTargetDependency */ = {
			isa = PBXTargetDependency;
			target = 3F3214231DDC21DA00098896 /* THREAD! */;
			targetProxy = 3F32143E1DDC21DA00098896 /* PBXContainerItemProxy */;
		};
/* End PBXTargetDependency section */

/* Begin PBXVariantGroup section */
		3F3214311DDC21DA00098896 /* Main.storyboard */ = {
			isa = PBXVariantGroup;
			children = (
				3F3214321DDC21DA00098896 /* Base */,
			);
			name = Main.storyboard;
			sourceTree = "<group>";
		};
		3F3214361DDC21DA00098896 /* LaunchScreen.xib */ = {
			isa = PBXVariantGroup;
			children = (
				3F3214371DDC21DA00098896 /* Base */,
			);
			name = LaunchScreen.xib;
			sourceTree = "<group>";
		};
/* End PBXVariantGroup section */

/* Begin XCBuildConfiguration section */
		3F3214451DDC21DA00098896 /* Debug */ = {
			isa = XCBuildConfiguration;
			buildSettings = {
				ALWAYS_SEARCH_USER_PATHS = NO;
				CLANG_CXX_LANGUAGE_STANDARD = "gnu++0x";
				CLANG_CXX_LIBRARY = "libc++";
				CLANG_ENABLE_MODULES = YES;
				CLANG_ENABLE_OBJC_ARC = YES;
				CLANG_WARN_BOOL_CONVERSION = YES;
				CLANG_WARN_CONSTANT_CONVERSION = YES;
				CLANG_WARN_DIRECT_OBJC_ISA_USAGE = YES_ERROR;
				CLANG_WARN_EMPTY_BODY = YES;
				CLANG_WARN_ENUM_CONVERSION = YES;
				CLANG_WARN_INT_CONVERSION = YES;
				CLANG_WARN_OBJC_ROOT_CLASS = YES_ERROR;
				CLANG_WARN_UNREACHABLE_CODE = YES;
				CLANG_WARN__DUPLICATE_METHOD_MATCH = YES;
				"CODE_SIGN_IDENTITY[sdk=iphoneos*]" = "iPhone Developer";
				COPY_PHASE_STRIP = NO;
				DEBUG_INFORMATION_FORMAT = "dwarf-with-dsym";
				ENABLE_STRICT_OBJC_MSGSEND = YES;
				GCC_C_LANGUAGE_STANDARD = gnu99;
				GCC_DYNAMIC_NO_PIC = NO;
				GCC_NO_COMMON_BLOCKS = YES;
				GCC_OPTIMIZATION_LEVEL = 0;
				GCC_PREPROCESSOR_DEFINITIONS = (
					"DEBUG=1",
					"$(inherited)",
				);
				GCC_SYMBOLS_PRIVATE_EXTERN = NO;
				GCC_WARN_64_TO_32_BIT_CONVERSION = YES;
				GCC_WARN_ABOUT_RETURN_TYPE = YES_ERROR;
				GCC_WARN_UNDECLARED_SELECTOR = YES;
				GCC_WARN_UNINITIALIZED_AUTOS = YES_AGGRESSIVE;
				GCC_WARN_UNUSED_FUNCTION = YES;
				GCC_WARN_UNUSED_VARIABLE = YES;
				IPHONEOS_DEPLOYMENT_TARGET = 8.4;
				MTL_ENABLE_DEBUG_INFO = YES;
				ONLY_ACTIVE_ARCH = YES;
				SDKROOT = iphoneos;
				TARGETED_DEVICE_FAMILY = "1,2";
			};
			name = Debug;
		};
		3F3214461DDC21DA00098896 /* Release */ = {
			isa = XCBuildConfiguration;
			buildSettings = {
				ALWAYS_SEARCH_USER_PATHS = NO;
				CLANG_CXX_LANGUAGE_STANDARD = "gnu++0x";
				CLANG_CXX_LIBRARY = "libc++";
				CLANG_ENABLE_MODULES = YES;
				CLANG_ENABLE_OBJC_ARC = YES;
				CLANG_WARN_BOOL_CONVERSION = YES;
				CLANG_WARN_CONSTANT_CONVERSION = YES;
				CLANG_WARN_DIRECT_OBJC_ISA_USAGE = YES_ERROR;
				CLANG_WARN_EMPTY_BODY = YES;
				CLANG_WARN_ENUM_CONVERSION = YES;
				CLANG_WARN_INT_CONVERSION = YES;
				CLANG_WARN_OBJC_ROOT_CLASS = YES_ERROR;
				CLANG_WARN_UNREACHABLE_CODE = YES;
				CLANG_WARN__DUPLICATE_METHOD_MATCH = YES;
				"CODE_SIGN_IDENTITY[sdk=iphoneos*]" = "iPhone Developer";
				COPY_PHASE_STRIP = NO;
				DEBUG_INFORMATION_FORMAT = "dwarf-with-dsym";
				ENABLE_NS_ASSERTIONS = NO;
				ENABLE_STRICT_OBJC_MSGSEND = YES;
				GCC_C_LANGUAGE_STANDARD = gnu99;
				GCC_NO_COMMON_BLOCKS = YES;
				GCC_WARN_64_TO_32_BIT_CONVERSION = YES;
				GCC_WARN_ABOUT_RETURN_TYPE = YES_ERROR;
				GCC_WARN_UNDECLARED_SELECTOR = YES;
				GCC_WARN_UNINITIALIZED_AUTOS = YES_AGGRESSIVE;
				GCC_WARN_UNUSED_FUNCTION = YES;
				GCC_WARN_UNUSED_VARIABLE = YES;
				IPHONEOS_DEPLOYMENT_TARGET = 8.4;
				MTL_ENABLE_DEBUG_INFO = NO;
				SDKROOT = iphoneos;
				TARGETED_DEVICE_FAMILY = "1,2";
				VALIDATE_PRODUCT = YES;
			};
			name = Release;
		};
		3F3214481DDC21DA00098896 /* Debug */ = {
			isa = XCBuildConfiguration;
			buildSettings = {
				ASSETCATALOG_COMPILER_APPICON_NAME = AppIcon;
				INFOPLIST_FILE = "THREAD!/Info.plist";
				LD_RUNPATH_SEARCH_PATHS = "$(inherited) @executable_path/Frameworks";
				PRODUCT_NAME = "$(TARGET_NAME)";
			};
			name = Debug;
		};
		3F3214491DDC21DA00098896 /* Release */ = {
			isa = XCBuildConfiguration;
			buildSettings = {
				ASSETCATALOG_COMPILER_APPICON_NAME = AppIcon;
				INFOPLIST_FILE = "THREAD!/Info.plist";
				LD_RUNPATH_SEARCH_PATHS = "$(inherited) @executable_path/Frameworks";
				PRODUCT_NAME = "$(TARGET_NAME)";
			};
			name = Release;
		};
		3F32144B1DDC21DA00098896 /* Debug */ = {
			isa = XCBuildConfiguration;
			buildSettings = {
				BUNDLE_LOADER = "$(TEST_HOST)";
				FRAMEWORK_SEARCH_PATHS = (
					"$(SDKROOT)/Developer/Library/Frameworks",
					"$(inherited)",
				);
				GCC_PREPROCESSOR_DEFINITIONS = (
					"DEBUG=1",
					"$(inherited)",
				);
				INFOPLIST_FILE = "THREAD!Tests/Info.plist";
				LD_RUNPATH_SEARCH_PATHS = "$(inherited) @executable_path/Frameworks @loader_path/Frameworks";
				PRODUCT_NAME = "$(TARGET_NAME)";
				TEST_HOST = "$(BUILT_PRODUCTS_DIR)/THREAD!.app/THREAD!";
			};
			name = Debug;
		};
		3F32144C1DDC21DA00098896 /* Release */ = {
			isa = XCBuildConfiguration;
			buildSettings = {
				BUNDLE_LOADER = "$(TEST_HOST)";
				FRAMEWORK_SEARCH_PATHS = (
					"$(SDKROOT)/Developer/Library/Frameworks",
					"$(inherited)",
				);
				INFOPLIST_FILE = "THREAD!Tests/Info.plist";
				LD_RUNPATH_SEARCH_PATHS = "$(inherited) @executable_path/Frameworks @loader_path/Frameworks";
				PRODUCT_NAME = "$(TARGET_NAME)";
				TEST_HOST = "$(BUILT_PRODUCTS_DIR)/THREAD!.app/THREAD!";
			};
			name = Release;
		};
/* End XCBuildConfiguration section */

/* Begin XCConfigurationList section */
		3F32141F1DDC21DA00098896 /* Build configuration list for PBXProject "THREAD!" */ = {
			isa = XCConfigurationList;
			buildConfigurations = (
				3F3214451DDC21DA00098896 /* Debug */,
				3F3214461DDC21DA00098896 /* Release */,
			);
			defaultConfigurationIsVisible = 0;
			defaultConfigurationName = Release;
		};
		3F3214471DDC21DA00098896 /* Build configuration list for PBXNativeTarget "THREAD!" */ = {
			isa = XCConfigurationList;
			buildConfigurations = (
				3F3214481DDC21DA00098896 /* Debug */,
				3F3214491DDC21DA00098896 /* Release */,
			);
			defaultConfigurationIsVisible = 0;
		};
		3F32144A1DDC21DA00098896 /* Build configuration list for PBXNativeTarget "THREAD!Tests" */ = {
			isa = XCConfigurationList;
			buildConfigurations = (
				3F32144B1DDC21DA00098896 /* Debug */,
				3F32144C1DDC21DA00098896 /* Release */,
			);
			defaultConfigurationIsVisible = 0;
		};
/* End XCConfigurationList section */
	};
	rootObject = 3F32141C1DDC21DA00098896 /* Project object */;
}
